
Microsoft Visual Studio Solution File, Format Version 12.00
# Visual Studio Version 17
VisualStudioVersion = 17.13.35931.197 d17.13
MinimumVisualStudioVersion = 10.0.40219.1
Project("{FAE04EC0-301F-11D3-BF4B-00C04F79EFBC}") = "StoreWebApp", "StoreWebApp\StoreWebApp.csproj", "{AFF52E1D-191C-4D15-A346-9FA5264F0E5C}"
EndProject
Global
	GlobalSection(SolutionConfigurationPlatforms) = preSolution
		Debug|Any CPU = Debug|Any CPU
		Release|Any CPU = Release|Any CPU
	EndGlobalSection
	GlobalSection(ProjectConfigurationPlatforms) = postSolution
		{AFF52E1D-191C-4D15-A346-9FA5264F0E5C}.Debug|Any CPU.ActiveCfg = Debug|Any CPU
		{AFF52E1D-191C-4D15-A346-9FA5264F0E5C}.Debug|Any CPU.Build.0 = Debug|Any CPU
		{AFF52E1D-191C-4D15-A346-9FA5264F0E5C}.Release|Any CPU.ActiveCfg = Release|Any CPU
		{AFF52E1D-191C-4D15-A346-9FA5264F0E5C}.Release|Any CPU.Build.0 = Release|Any CPU
	EndGlobalSection
	GlobalSection(SolutionProperties) = preSolution
		HideSolutionNode = FALSE
	EndGlobalSection
	GlobalSection(ExtensibilityGlobals) = postSolution
		SolutionGuid = {398E82D3-B783-4EC8-B1C1-7A5BEB1366B5}
	EndGlobalSection
EndGlobal
